
Microsoft Visual Studio Solution File, Format Version 11.00
# Visual Studio 2010
Project("{FAE04EC0-301F-11D3-BF4B-00C04F79EFBC}") = "Assembly-CSharp", "Assembly-CSharp.csproj", "{D3A7D3E0-DF97-5510-C48F-4743EB70E862}"
EndProject
Project("{FAE04EC0-301F-11D3-BF4B-00C04F79EFBC}") = "Assembly-CSharp-Editor", "Assembly-CSharp-Editor.csproj", "{6102E380-266D-B6E2-F173-C9C7F2D9BBCF}"
EndProject
Global
	GlobalSection(SolutionConfigurationPlatforms) = preSolution
		Debug|Any CPU = Debug|Any CPU
		Release|Any CPU = Release|Any CPU
	EndGlobalSection
	GlobalSection(ProjectConfigurationPlatforms) = postSolution
		{D3A7D3E0-DF97-5510-C48F-4743EB70E862}.Debug|Any CPU.ActiveCfg = Debug|Any CPU
		{D3A7D3E0-DF97-5510-C48F-4743EB70E862}.Debug|Any CPU.Build.0 = Debug|Any CPU
		{D3A7D3E0-DF97-5510-C48F-4743EB70E862}.Release|Any CPU.ActiveCfg = Release|Any CPU
		{D3A7D3E0-DF97-5510-C48F-4743EB70E862}.Release|Any CPU.Build.0 = Release|Any CPU
		{6102E380-266D-B6E2-F173-C9C7F2D9BBCF}.Debug|Any CPU.ActiveCfg = Debug|Any CPU
		{6102E380-266D-B6E2-F173-C9C7F2D9BBCF}.Debug|Any CPU.Build.0 = Debug|Any CPU
		{6102E380-266D-B6E2-F173-C9C7F2D9BBCF}.Release|Any CPU.ActiveCfg = Release|Any CPU
		{6102E380-266D-B6E2-F173-C9C7F2D9BBCF}.Release|Any CPU.Build.0 = Release|Any CPU
	EndGlobalSection
	GlobalSection(SolutionProperties) = preSolution
		HideSolutionNode = FALSE
	EndGlobalSection
EndGlobal
